schema: '2.0'
stages:
  data_ingestion:
    cmd: python src/data_ingestion.py
    deps:
    - path: src/data_ingestion.py
      hash: md5
      md5: bf62eeedba5bbf810dd0f2b427090e33
      size: 3298
    params:
      params.yaml:
        data_ingestion.test_size: 0.3
    outs:
    - path: data/raw
      hash: md5
      md5: 693c9eaa7396ec627c271a179a459e2b.dir
      size: 479272
      nfiles: 2
  data_preprocessing:
    cmd: python src/data_preprocessing.py
    deps:
    - path: data/raw
      hash: md5
      md5: 693c9eaa7396ec627c271a179a459e2b.dir
      size: 479272
      nfiles: 2
    - path: src/data_preprocessing.py
      hash: md5
      md5: f3e50a43bf4f3c282453028b0a1b2c5e
      size: 3314
    outs:
    - path: data/interim
      hash: md5
      md5: a5cae7c33ea29c33ae51391a5259f1f7.dir
      size: 258594
      nfiles: 2
  feature_engineering:
    cmd: python src/feature_engineering.py
    deps:
    - path: data/interim
      hash: md5
      md5: a5cae7c33ea29c33ae51391a5259f1f7.dir
      size: 258594
      nfiles: 2
    - path: src/feature_engineering.py
      hash: md5
      md5: 6e90398c285dd00208036b026bdf57b7
      size: 3811
    params:
      params.yaml:
        feature_engineering.max_features: 500
    outs:
    - path: data/processed
      hash: md5
      md5: d92badb8f73011838ce00d559fd60279.dir
      size: 11039111
      nfiles: 2
  model_building:
    cmd: python src/model_building.py
    deps:
    - path: data/processed
      hash: md5
      md5: d92badb8f73011838ce00d559fd60279.dir
      size: 11039111
      nfiles: 2
    - path: src/model_building.py
      hash: md5
      md5: c31cf10c5b895abe588e429de3f37d41
      size: 7219
    params:
      params.yaml:
        model_building.final_estimator: logistic
        model_building.max_depth: 10
        model_building.n_estimators: 70
        model_building.random_state: 2
    outs:
    - path: models/stacking_classifier.pkl
      hash: md5
      md5: f39945cfbfc85cf81db9f08966b0a7c4
      size: 32627301
  model_evaluation:
    cmd: python src/model_evaluation.py
    deps:
    - path: models/stacking_classifier.pkl
      hash: md5
      md5: f39945cfbfc85cf81db9f08966b0a7c4
      size: 32627301
    - path: src/model_evaluation.py
      hash: md5
      md5: 88a4797d03d3db953897fa86d2402092
      size: 4317
    outs:
    - path: reports/metrics.json
      hash: md5
      md5: 13d5dbd5324cab7578853213b7333870
      size: 139
