schema: '2.0'
stages:
  data_ingestion:
    cmd: python src/data_ingestion.py
    deps:
    - path: src/data_ingestion.py
      hash: md5
      md5: e49df4f94374432514ff16d92934307d
      size: 2625
    outs:
    - path: data/raw
      hash: md5
      md5: 442c16d4591729f2fea8b71d0bb5f85a.dir
      size: 479272
      nfiles: 2
  data_preprocessing:
    cmd: python src/data_preprocessing.py
    deps:
    - path: data/raw
      hash: md5
      md5: 442c16d4591729f2fea8b71d0bb5f85a.dir
      size: 479272
      nfiles: 2
    - path: src/data_preprocessing.py
      hash: md5
      md5: f3e50a43bf4f3c282453028b0a1b2c5e
      size: 3314
    outs:
    - path: data/interim
      hash: md5
      md5: 572117bafad89987bd3675bf38f4d4bd.dir
      size: 256622
      nfiles: 2
  feature_engineering:
    cmd: python src/feature_engineering.py
    deps:
    - path: data/interim
      hash: md5
      md5: 572117bafad89987bd3675bf38f4d4bd.dir
      size: 256622
      nfiles: 2
    - path: src/feature_engineering.py
      hash: md5
      md5: aa13896b3c375092029ae57288fad65f
      size: 2955
    outs:
    - path: data/processed
      hash: md5
      md5: c08761126815131257bed4df2ad4b3a2.dir
      size: 10976266
      nfiles: 2
  model_building:
    cmd: python src/model_building.py
    deps:
    - path: data/processed
      hash: md5
      md5: c08761126815131257bed4df2ad4b3a2.dir
      size: 10976266
      nfiles: 2
    - path: src/model_building.py
      hash: md5
      md5: fc28da50a151c31688b935ad4e249246
      size: 5625
    outs:
    - path: models/stacking_classifier.pkl
      hash: md5
      md5: 70a1b5e1bf3f5d563941ef44b4b5d633
      size: 31316091
  model_evaluation:
    cmd: python src/model_evaluation.py
    deps:
    - path: models/stacking_classifier.pkl
      hash: md5
      md5: 70a1b5e1bf3f5d563941ef44b4b5d633
      size: 31316091
    - path: src/model_evaluation.py
      hash: md5
      md5: d0c161b4c22af58619b9c986046fce41
      size: 3332
    outs:
    - path: reports/metrics.json
      hash: md5
      md5: bc14d73dbcde58dcc87bb2eb75469938
      size: 139
